
Microsoft Visual Studio Solution File, Format Version 12.00
# Visual Studio Version 17
VisualStudioVersion = 17.0.32126.317
MinimumVisualStudioVersion = 10.0.40219.1
Project("{FAE04EC0-301F-11D3-BF4B-00C04F79EFBC}") = "UIFlatDesign_WPF", "UIFlatDesign_WPF\UIFlatDesign_WPF.csproj", "{3FAFFFA4-5F8C-4987-9979-B34ABA7E696C}"
EndProject
Global
	GlobalSection(SolutionConfigurationPlatforms) = preSolution
		Debug|Any CPU = Debug|Any CPU
		Release|Any CPU = Release|Any CPU
	EndGlobalSection
	GlobalSection(ProjectConfigurationPlatforms) = postSolution
		{3FAFFFA4-5F8C-4987-9979-B34ABA7E696C}.Debug|Any CPU.ActiveCfg = Debug|Any CPU
		{3FAFFFA4-5F8C-4987-9979-B34ABA7E696C}.Debug|Any CPU.Build.0 = Debug|Any CPU
		{3FAFFFA4-5F8C-4987-9979-B34ABA7E696C}.Release|Any CPU.ActiveCfg = Release|Any CPU
		{3FAFFFA4-5F8C-4987-9979-B34ABA7E696C}.Release|Any CPU.Build.0 = Release|Any CPU
	EndGlobalSection
	GlobalSection(SolutionProperties) = preSolution
		HideSolutionNode = FALSE
	EndGlobalSection
	GlobalSection(ExtensibilityGlobals) = postSolution
		SolutionGuid = {DFAED076-B924-4B7B-B237-358E6DB2609D}
	EndGlobalSection
EndGlobal
